
Microsoft Visual Studio Solution File, Format Version 12.00
# Visual Studio 2012
Project("{FAE04EC0-301F-11D3-BF4B-00C04F79EFBC}") = "FilesSample", "FilesSample\FilesSample.csproj", "{259069AC-4AB3-449D-875F-4BAACE87630E}"
EndProject
Project("{FAE04EC0-301F-11D3-BF4B-00C04F79EFBC}") = "FilesSampleWeb", "FilesSampleWeb\FilesSampleWeb.csproj", "{3BF6CB2E-5F07-4607-B32F-268DA7A3A1B8}"
EndProject
Global
	GlobalSection(SolutionConfigurationPlatforms) = preSolution
		Debug|Any CPU = Debug|Any CPU
		Release|Any CPU = Release|Any CPU
	EndGlobalSection
	GlobalSection(ProjectConfigurationPlatforms) = postSolution
		{259069AC-4AB3-449D-875F-4BAACE87630E}.Debug|Any CPU.ActiveCfg = Debug|Any CPU
		{259069AC-4AB3-449D-875F-4BAACE87630E}.Debug|Any CPU.Build.0 = Debug|Any CPU
		{259069AC-4AB3-449D-875F-4BAACE87630E}.Debug|Any CPU.Deploy.0 = Debug|Any CPU
		{259069AC-4AB3-449D-875F-4BAACE87630E}.Release|Any CPU.ActiveCfg = Release|Any CPU
		{259069AC-4AB3-449D-875F-4BAACE87630E}.Release|Any CPU.Build.0 = Release|Any CPU
		{259069AC-4AB3-449D-875F-4BAACE87630E}.Release|Any CPU.Deploy.0 = Release|Any CPU
		{3BF6CB2E-5F07-4607-B32F-268DA7A3A1B8}.Debug|Any CPU.ActiveCfg = Debug|Any CPU
		{3BF6CB2E-5F07-4607-B32F-268DA7A3A1B8}.Debug|Any CPU.Build.0 = Debug|Any CPU
		{3BF6CB2E-5F07-4607-B32F-268DA7A3A1B8}.Release|Any CPU.ActiveCfg = Release|Any CPU
		{3BF6CB2E-5F07-4607-B32F-268DA7A3A1B8}.Release|Any CPU.Build.0 = Release|Any CPU
	EndGlobalSection
	GlobalSection(SolutionProperties) = preSolution
		HideSolutionNode = FALSE
	EndGlobalSection
EndGlobal
