
Microsoft Visual Studio Solution File, Format Version 12.00
# Visual Studio 2012
Project("{FAE04EC0-301F-11D3-BF4B-00C04F79EFBC}") = "O365_SharePointAutoHosted", "O365_SharePointAutoHosted\O365_SharePointAutoHosted.csproj", "{2CEB27A8-8064-4A72-8252-6DB09EF7B1E9}"
EndProject
Project("{FAE04EC0-301F-11D3-BF4B-00C04F79EFBC}") = "O365_SharePointAutoHostedWeb", "O365_SharePointAutoHostedWeb\O365_SharePointAutoHostedWeb.csproj", "{0893796E-ABFD-4CCC-A2ED-763F11FD9AE3}"
EndProject
Project("{00D1A9C2-B5F0-4AF3-8072-F6C62B433612}") = "O365_SharePointAutoHostedDB", "O365_SharePointAutoHostedDB\O365_SharePointAutoHostedDB.sqlproj", "{9C6F6CAF-2D1F-4D9A-8316-B5B7CDA40B1D}"
EndProject
Global
	GlobalSection(SolutionConfigurationPlatforms) = preSolution
		Debug|Any CPU = Debug|Any CPU
		Release|Any CPU = Release|Any CPU
	EndGlobalSection
	GlobalSection(ProjectConfigurationPlatforms) = postSolution
		{2CEB27A8-8064-4A72-8252-6DB09EF7B1E9}.Debug|Any CPU.ActiveCfg = Debug|Any CPU
		{2CEB27A8-8064-4A72-8252-6DB09EF7B1E9}.Debug|Any CPU.Build.0 = Debug|Any CPU
		{2CEB27A8-8064-4A72-8252-6DB09EF7B1E9}.Debug|Any CPU.Deploy.0 = Debug|Any CPU
		{2CEB27A8-8064-4A72-8252-6DB09EF7B1E9}.Release|Any CPU.ActiveCfg = Release|Any CPU
		{2CEB27A8-8064-4A72-8252-6DB09EF7B1E9}.Release|Any CPU.Build.0 = Release|Any CPU
		{2CEB27A8-8064-4A72-8252-6DB09EF7B1E9}.Release|Any CPU.Deploy.0 = Release|Any CPU
		{0893796E-ABFD-4CCC-A2ED-763F11FD9AE3}.Debug|Any CPU.ActiveCfg = Debug|Any CPU
		{0893796E-ABFD-4CCC-A2ED-763F11FD9AE3}.Debug|Any CPU.Build.0 = Debug|Any CPU
		{0893796E-ABFD-4CCC-A2ED-763F11FD9AE3}.Debug|Any CPU.Deploy.0 = Debug|Any CPU
		{0893796E-ABFD-4CCC-A2ED-763F11FD9AE3}.Release|Any CPU.ActiveCfg = Release|Any CPU
		{0893796E-ABFD-4CCC-A2ED-763F11FD9AE3}.Release|Any CPU.Build.0 = Release|Any CPU
		{9C6F6CAF-2D1F-4D9A-8316-B5B7CDA40B1D}.Debug|Any CPU.ActiveCfg = Debug|Any CPU
		{9C6F6CAF-2D1F-4D9A-8316-B5B7CDA40B1D}.Debug|Any CPU.Build.0 = Debug|Any CPU
		{9C6F6CAF-2D1F-4D9A-8316-B5B7CDA40B1D}.Debug|Any CPU.Deploy.0 = Debug|Any CPU
		{9C6F6CAF-2D1F-4D9A-8316-B5B7CDA40B1D}.Release|Any CPU.ActiveCfg = Release|Any CPU
		{9C6F6CAF-2D1F-4D9A-8316-B5B7CDA40B1D}.Release|Any CPU.Build.0 = Release|Any CPU
		{9C6F6CAF-2D1F-4D9A-8316-B5B7CDA40B1D}.Release|Any CPU.Deploy.0 = Release|Any CPU
	EndGlobalSection
	GlobalSection(SolutionProperties) = preSolution
		HideSolutionNode = FALSE
	EndGlobalSection
EndGlobal
