
Microsoft Visual Studio Solution File, Format Version 12.00
# Visual Studio 2012
Project("{FAE04EC0-301F-11D3-BF4B-00C04F79EFBC}") = "BasicDataOperations", "BasicDataOperations\BasicDataOperations.csproj", "{5BA3648E-5D77-4CE6-8A2C-387898DC532B}"
EndProject
Project("{FAE04EC0-301F-11D3-BF4B-00C04F79EFBC}") = "BasicDataOperationsWeb", "BasicDataOperationsWeb\BasicDataOperationsWeb.csproj", "{5C304C59-1B12-452C-9F52-2475A36032CD}"
EndProject
Global
	GlobalSection(SolutionConfigurationPlatforms) = preSolution
		Debug|Any CPU = Debug|Any CPU
		Release|Any CPU = Release|Any CPU
	EndGlobalSection
	GlobalSection(ProjectConfigurationPlatforms) = postSolution
		{5BA3648E-5D77-4CE6-8A2C-387898DC532B}.Debug|Any CPU.ActiveCfg = Debug|Any CPU
		{5BA3648E-5D77-4CE6-8A2C-387898DC532B}.Debug|Any CPU.Build.0 = Debug|Any CPU
		{5BA3648E-5D77-4CE6-8A2C-387898DC532B}.Debug|Any CPU.Deploy.0 = Debug|Any CPU
		{5BA3648E-5D77-4CE6-8A2C-387898DC532B}.Release|Any CPU.ActiveCfg = Release|Any CPU
		{5BA3648E-5D77-4CE6-8A2C-387898DC532B}.Release|Any CPU.Build.0 = Release|Any CPU
		{5BA3648E-5D77-4CE6-8A2C-387898DC532B}.Release|Any CPU.Deploy.0 = Release|Any CPU
		{5C304C59-1B12-452C-9F52-2475A36032CD}.Debug|Any CPU.ActiveCfg = Debug|Any CPU
		{5C304C59-1B12-452C-9F52-2475A36032CD}.Debug|Any CPU.Build.0 = Debug|Any CPU
		{5C304C59-1B12-452C-9F52-2475A36032CD}.Release|Any CPU.ActiveCfg = Release|Any CPU
		{5C304C59-1B12-452C-9F52-2475A36032CD}.Release|Any CPU.Build.0 = Release|Any CPU
	EndGlobalSection
	GlobalSection(SolutionProperties) = preSolution
		HideSolutionNode = FALSE
	EndGlobalSection
EndGlobal
