
Microsoft Visual Studio Solution File, Format Version 12.00
# Visual Studio 2012
Project("{FAE04EC0-301F-11D3-BF4B-00C04F79EFBC}") = "SP_AutohostedVideoPlayer_cs", "SP_AutohostedVideoPlayer_cs\SP_AutohostedVideoPlayer_cs.csproj", "{A8DAB05D-E886-4863-A7F1-D8C5B309C1B9}"
EndProject
Project("{FAE04EC0-301F-11D3-BF4B-00C04F79EFBC}") = "SP_AutohostedVideoPlayer_csWeb", "SP_AutohostedVideoPlayer_csWeb\SP_AutohostedVideoPlayer_csWeb.csproj", "{3645F56F-41CD-4757-9AA3-C1828D0E78E0}"
EndProject
Global
	GlobalSection(SolutionConfigurationPlatforms) = preSolution
		Debug|Any CPU = Debug|Any CPU
		Release|Any CPU = Release|Any CPU
	EndGlobalSection
	GlobalSection(ProjectConfigurationPlatforms) = postSolution
		{A8DAB05D-E886-4863-A7F1-D8C5B309C1B9}.Debug|Any CPU.ActiveCfg = Debug|Any CPU
		{A8DAB05D-E886-4863-A7F1-D8C5B309C1B9}.Debug|Any CPU.Build.0 = Debug|Any CPU
		{A8DAB05D-E886-4863-A7F1-D8C5B309C1B9}.Debug|Any CPU.Deploy.0 = Debug|Any CPU
		{A8DAB05D-E886-4863-A7F1-D8C5B309C1B9}.Release|Any CPU.ActiveCfg = Release|Any CPU
		{A8DAB05D-E886-4863-A7F1-D8C5B309C1B9}.Release|Any CPU.Build.0 = Release|Any CPU
		{A8DAB05D-E886-4863-A7F1-D8C5B309C1B9}.Release|Any CPU.Deploy.0 = Release|Any CPU
		{3645F56F-41CD-4757-9AA3-C1828D0E78E0}.Debug|Any CPU.ActiveCfg = Debug|Any CPU
		{3645F56F-41CD-4757-9AA3-C1828D0E78E0}.Debug|Any CPU.Build.0 = Debug|Any CPU
		{3645F56F-41CD-4757-9AA3-C1828D0E78E0}.Release|Any CPU.ActiveCfg = Release|Any CPU
		{3645F56F-41CD-4757-9AA3-C1828D0E78E0}.Release|Any CPU.Build.0 = Release|Any CPU
	EndGlobalSection
	GlobalSection(SolutionProperties) = preSolution
		HideSolutionNode = FALSE
	EndGlobalSection
EndGlobal
